
Microsoft Visual Studio Solution File, Format Version 12.00
# Visual Studio Version 16
VisualStudioVersion = 16.0.32510.428
MinimumVisualStudioVersion = 10.0.40219.1
Project("{FAE04EC0-301F-11D3-BF4B-00C04F79EFBC}") = "GitDemo1", "GitDemo1\GitDemo1.csproj", "{0DD3E97E-E923-4238-912A-2819F4E74F66}"
EndProject
Global
	GlobalSection(SolutionConfigurationPlatforms) = preSolution
		Debug|Any CPU = Debug|Any CPU
		Release|Any CPU = Release|Any CPU
	EndGlobalSection
	GlobalSection(ProjectConfigurationPlatforms) = postSolution
		{0DD3E97E-E923-4238-912A-2819F4E74F66}.Debug|Any CPU.ActiveCfg = Debug|Any CPU
		{0DD3E97E-E923-4238-912A-2819F4E74F66}.Debug|Any CPU.Build.0 = Debug|Any CPU
		{0DD3E97E-E923-4238-912A-2819F4E74F66}.Release|Any CPU.ActiveCfg = Release|Any CPU
		{0DD3E97E-E923-4238-912A-2819F4E74F66}.Release|Any CPU.Build.0 = Release|Any CPU
	EndGlobalSection
	GlobalSection(SolutionProperties) = preSolution
		HideSolutionNode = FALSE
	EndGlobalSection
	GlobalSection(ExtensibilityGlobals) = postSolution
		SolutionGuid = {EB92276C-FCF5-4A40-A147-CCAF4E13D203}
	EndGlobalSection
EndGlobal
